Microsoft Visual Studio Solution File, Format Version 12.00
# Visual Studio Version 17
VisualStudioVersion = 17.5.2.0
MinimumVisualStudioVersion = 10.0.40219.1
Project("{FAE04EC0-301F-11D3-BF4B-00C04F79EFBC}") = "ControleLotesIngressos", "ControleLotesIngressos.csproj", "{97504A5F-7178-713E-D65E-1AEC3C9AA633}"
EndProject
Global
	GlobalSection(SolutionConfigurationPlatforms) = preSolution
		Debug|Any CPU = Debug|Any CPU
		Release|Any CPU = Release|Any CPU
	EndGlobalSection
	GlobalSection(ProjectConfigurationPlatforms) = postSolution
		{97504A5F-7178-713E-D65E-1AEC3C9AA633}.Debug|Any CPU.ActiveCfg = Debug|Any CPU
		{97504A5F-7178-713E-D65E-1AEC3C9AA633}.Debug|Any CPU.Build.0 = Debug|Any CPU
		{97504A5F-7178-713E-D65E-1AEC3C9AA633}.Release|Any CPU.ActiveCfg = Release|Any CPU
		{97504A5F-7178-713E-D65E-1AEC3C9AA633}.Release|Any CPU.Build.0 = Release|Any CPU
	EndGlobalSection
	GlobalSection(SolutionProperties) = preSolution
		HideSolutionNode = FALSE
	EndGlobalSection
	GlobalSection(ExtensibilityGlobals) = postSolution
		SolutionGuid = {3F990C22-6220-4EF0-B50E-C2A56BF36787}
	EndGlobalSection
EndGlobal
