Microsoft Visual Studio Solution File, Format Version 12.00
# Visual Studio Version 17
VisualStudioVersion = 17.5.2.0
MinimumVisualStudioVersion = 10.0.40219.1
Project("{FAE04EC0-301F-11D3-BF4B-00C04F79EFBC}") = "RelatorioPresenca", "RelatorioPresenca.csproj", "{0C0705A1-53A4-7CF6-DBCB-BE25DFE8AF76}"
EndProject
Global
	GlobalSection(SolutionConfigurationPlatforms) = preSolution
		Debug|Any CPU = Debug|Any CPU
		Release|Any CPU = Release|Any CPU
	EndGlobalSection
	GlobalSection(ProjectConfigurationPlatforms) = postSolution
		{0C0705A1-53A4-7CF6-DBCB-BE25DFE8AF76}.Debug|Any CPU.ActiveCfg = Debug|Any CPU
		{0C0705A1-53A4-7CF6-DBCB-BE25DFE8AF76}.Debug|Any CPU.Build.0 = Debug|Any CPU
		{0C0705A1-53A4-7CF6-DBCB-BE25DFE8AF76}.Release|Any CPU.ActiveCfg = Release|Any CPU
		{0C0705A1-53A4-7CF6-DBCB-BE25DFE8AF76}.Release|Any CPU.Build.0 = Release|Any CPU
	EndGlobalSection
	GlobalSection(SolutionProperties) = preSolution
		HideSolutionNode = FALSE
	EndGlobalSection
	GlobalSection(ExtensibilityGlobals) = postSolution
		SolutionGuid = {4E30F2B3-DAD8-4CE5-910A-DD390431AE6E}
	EndGlobalSection
EndGlobal
